
Microsoft Visual Studio Solution File, Format Version 12.00
# Visual Studio 2013
VisualStudioVersion = 12.0.21005.1
MinimumVisualStudioVersion = 10.0.40219.1
Project("{A0786B88-2ADB-4C21-ABE8-AA2D79766269}") = "lulucms2", "lulucms2.phpproj", "{609FB44A-CE99-41A7-9BCC-7AA4DFBCAA45}"
EndProject
Global
	GlobalSection(SolutionConfigurationPlatforms) = preSolution
		Debug|Any CPU = Debug|Any CPU
		Release|Any CPU = Release|Any CPU
	EndGlobalSection
	GlobalSection(ProjectConfigurationPlatforms) = postSolution
		{609FB44A-CE99-41A7-9BCC-7AA4DFBCAA45}.Debug|Any CPU.ActiveCfg = Debug|Any CPU
		{609FB44A-CE99-41A7-9BCC-7AA4DFBCAA45}.Debug|Any CPU.Build.0 = Debug|Any CPU
		{609FB44A-CE99-41A7-9BCC-7AA4DFBCAA45}.Release|Any CPU.ActiveCfg = Release|Any CPU
		{609FB44A-CE99-41A7-9BCC-7AA4DFBCAA45}.Release|Any CPU.Build.0 = Release|Any CPU
	EndGlobalSection
	GlobalSection(SolutionProperties) = preSolution
		HideSolutionNode = FALSE
	EndGlobalSection
EndGlobal
