
Microsoft Visual Studio Solution File, Format Version 12.00
# Visual Studio 2013
VisualStudioVersion = 12.0.21005.1
MinimumVisualStudioVersion = 10.0.40219.1
Project("{A0786B88-2ADB-4C21-ABE8-AA2D79766269}") = "lulublog", "lulublog.phpproj", "{37384539-3A39-44AB-8B2F-CEE8894D805D}"
EndProject
Project("{A0786B88-2ADB-4C21-ABE8-AA2D79766269}") = "SingtelVPN", "..\SingtelVPN\SingtelVPN.phpproj", "{1E801B2A-69E4-49A7-8239-D2CC73CE4C45}"
EndProject
Project("{A0786B88-2ADB-4C21-ABE8-AA2D79766269}") = "kpiAdmin", "..\kpiAdmin\kpiAdmin.phpproj", "{6BD4C711-484C-462F-B4D5-11865B255EEB}"
EndProject
Global
	GlobalSection(SolutionConfigurationPlatforms) = preSolution
		Debug|Any CPU = Debug|Any CPU
		Release|Any CPU = Release|Any CPU
	EndGlobalSection
	GlobalSection(ProjectConfigurationPlatforms) = postSolution
		{37384539-3A39-44AB-8B2F-CEE8894D805D}.Debug|Any CPU.ActiveCfg = Debug|Any CPU
		{37384539-3A39-44AB-8B2F-CEE8894D805D}.Debug|Any CPU.Build.0 = Debug|Any CPU
		{37384539-3A39-44AB-8B2F-CEE8894D805D}.Release|Any CPU.ActiveCfg = Release|Any CPU
		{37384539-3A39-44AB-8B2F-CEE8894D805D}.Release|Any CPU.Build.0 = Release|Any CPU
		{1E801B2A-69E4-49A7-8239-D2CC73CE4C45}.Debug|Any CPU.ActiveCfg = Debug|Any CPU
		{1E801B2A-69E4-49A7-8239-D2CC73CE4C45}.Debug|Any CPU.Build.0 = Debug|Any CPU
		{1E801B2A-69E4-49A7-8239-D2CC73CE4C45}.Release|Any CPU.ActiveCfg = Release|Any CPU
		{1E801B2A-69E4-49A7-8239-D2CC73CE4C45}.Release|Any CPU.Build.0 = Release|Any CPU
		{6BD4C711-484C-462F-B4D5-11865B255EEB}.Debug|Any CPU.ActiveCfg = Debug|Any CPU
		{6BD4C711-484C-462F-B4D5-11865B255EEB}.Debug|Any CPU.Build.0 = Debug|Any CPU
		{6BD4C711-484C-462F-B4D5-11865B255EEB}.Release|Any CPU.ActiveCfg = Release|Any CPU
		{6BD4C711-484C-462F-B4D5-11865B255EEB}.Release|Any CPU.Build.0 = Release|Any CPU
	EndGlobalSection
	GlobalSection(SolutionProperties) = preSolution
		HideSolutionNode = FALSE
	EndGlobalSection
EndGlobal
